
Microsoft Visual Studio Solution File, Format Version 12.00
# Visual Studio Version 16
VisualStudioVersion = 16.0.31402.337
MinimumVisualStudioVersion = 10.0.40219.1
Project("{FAE04EC0-301F-11D3-BF4B-00C04F79EFBC}") = "ConsoleApp", "ConsoleApp.csproj", "{437F264E-4512-4786-A1E8-9DF1DF08AEA4}"
EndProject
Global
	GlobalSection(SolutionConfigurationPlatforms) = preSolution
		Debug|Any CPU = Debug|Any CPU
		Release|Any CPU = Release|Any CPU
	EndGlobalSection
	GlobalSection(ProjectConfigurationPlatforms) = postSolution
		{437F264E-4512-4786-A1E8-9DF1DF08AEA4}.Debug|Any CPU.ActiveCfg = Debug|Any CPU
		{437F264E-4512-4786-A1E8-9DF1DF08AEA4}.Debug|Any CPU.Build.0 = Debug|Any CPU
		{437F264E-4512-4786-A1E8-9DF1DF08AEA4}.Release|Any CPU.ActiveCfg = Release|Any CPU
		{437F264E-4512-4786-A1E8-9DF1DF08AEA4}.Release|Any CPU.Build.0 = Release|Any CPU
	EndGlobalSection
	GlobalSection(SolutionProperties) = preSolution
		HideSolutionNode = FALSE
	EndGlobalSection
	GlobalSection(ExtensibilityGlobals) = postSolution
		SolutionGuid = {1C7019C4-2329-4959-B4B8-C41A611671CD}
	EndGlobalSection
EndGlobal
